
Microsoft Visual Studio Solution File, Format Version 12.00
# Visual Studio Version 17
VisualStudioVersion = 17.5.002.0
MinimumVisualStudioVersion = 10.0.40219.1
Project("{9A19103F-16F7-4668-BE54-9A1E7A4F7556}") = "MatrizSimetrica", "MatrizSimetrica.csproj", "{778C644C-5525-4CDD-908D-C6FB1F576045}"
EndProject
Global
	GlobalSection(SolutionConfigurationPlatforms) = preSolution
		Debug|Any CPU = Debug|Any CPU
		Release|Any CPU = Release|Any CPU
	EndGlobalSection
	GlobalSection(ProjectConfigurationPlatforms) = postSolution
		{778C644C-5525-4CDD-908D-C6FB1F576045}.Debug|Any CPU.ActiveCfg = Debug|Any CPU
		{778C644C-5525-4CDD-908D-C6FB1F576045}.Debug|Any CPU.Build.0 = Debug|Any CPU
		{778C644C-5525-4CDD-908D-C6FB1F576045}.Release|Any CPU.ActiveCfg = Release|Any CPU
		{778C644C-5525-4CDD-908D-C6FB1F576045}.Release|Any CPU.Build.0 = Release|Any CPU
	EndGlobalSection
	GlobalSection(SolutionProperties) = preSolution
		HideSolutionNode = FALSE
	EndGlobalSection
	GlobalSection(ExtensibilityGlobals) = postSolution
		SolutionGuid = {725BC583-8C58-42C9-84A0-E9DEE5729CF2}
	EndGlobalSection
EndGlobal
